
Microsoft Visual Studio Solution File, Format Version 12.00
# Visual Studio Version 17
VisualStudioVersion = 17.11.35312.102
MinimumVisualStudioVersion = 10.0.40219.1
Project("{FAE04EC0-301F-11D3-BF4B-00C04F79EFBC}") = "Turnera_V4", "Turnera_V4\Turnera_V4.csproj", "{9EE965FE-70F8-4EB9-9D0D-E31A7B34BBEF}"
EndProject
Global
	GlobalSection(SolutionConfigurationPlatforms) = preSolution
		Debug|Any CPU = Debug|Any CPU
		Release|Any CPU = Release|Any CPU
	EndGlobalSection
	GlobalSection(ProjectConfigurationPlatforms) = postSolution
		{9EE965FE-70F8-4EB9-9D0D-E31A7B34BBEF}.Debug|Any CPU.ActiveCfg = Debug|Any CPU
		{9EE965FE-70F8-4EB9-9D0D-E31A7B34BBEF}.Debug|Any CPU.Build.0 = Debug|Any CPU
		{9EE965FE-70F8-4EB9-9D0D-E31A7B34BBEF}.Release|Any CPU.ActiveCfg = Release|Any CPU
		{9EE965FE-70F8-4EB9-9D0D-E31A7B34BBEF}.Release|Any CPU.Build.0 = Release|Any CPU
	EndGlobalSection
	GlobalSection(SolutionProperties) = preSolution
		HideSolutionNode = FALSE
	EndGlobalSection
	GlobalSection(ExtensibilityGlobals) = postSolution
		SolutionGuid = {A048902B-C60A-4068-82E8-D6D9C91DFB56}
	EndGlobalSection
EndGlobal
